
Microsoft Visual Studio Solution File, Format Version 12.00
# Visual Studio Version 16
VisualStudioVersion = 16.0.31205.134
MinimumVisualStudioVersion = 10.0.40219.1
Project("{2150E333-8FDC-42A3-9474-1A3956D46DE8}") = "src", "src", "{B5B5194A-5538-41F1-8622-3C0669B6771E}"
EndProject
Project("{2150E333-8FDC-42A3-9474-1A3956D46DE8}") = "Core", "Core", "{D8021EF4-050F-4188-83E5-FC1F3D09485E}"
EndProject
Project("{9A19103F-16F7-4668-BE54-9A1E7A4F7556}") = "GlobalTicket.Domain", "GlobalTicket.Domain\GlobalTicket.Domain.csproj", "{C683D891-D95B-4A44-BEE8-B50F59FA05D9}"
EndProject
Project("{FAE04EC0-301F-11D3-BF4B-00C04F79EFBC}") = "GlobalTicket.Application", "GlobalTicket.Application\GlobalTicket.Application.csproj", "{F57143E6-3D45-404C-8F3E-1C934ACA6AFF}"
EndProject
Global
	GlobalSection(SolutionConfigurationPlatforms) = preSolution
		Debug|Any CPU = Debug|Any CPU
		Release|Any CPU = Release|Any CPU
	EndGlobalSection
	GlobalSection(ProjectConfigurationPlatforms) = postSolution
		{C683D891-D95B-4A44-BEE8-B50F59FA05D9}.Debug|Any CPU.ActiveCfg = Debug|Any CPU
		{C683D891-D95B-4A44-BEE8-B50F59FA05D9}.Debug|Any CPU.Build.0 = Debug|Any CPU
		{C683D891-D95B-4A44-BEE8-B50F59FA05D9}.Release|Any CPU.ActiveCfg = Release|Any CPU
		{C683D891-D95B-4A44-BEE8-B50F59FA05D9}.Release|Any CPU.Build.0 = Release|Any CPU
		{F57143E6-3D45-404C-8F3E-1C934ACA6AFF}.Debug|Any CPU.ActiveCfg = Debug|Any CPU
		{F57143E6-3D45-404C-8F3E-1C934ACA6AFF}.Debug|Any CPU.Build.0 = Debug|Any CPU
		{F57143E6-3D45-404C-8F3E-1C934ACA6AFF}.Release|Any CPU.ActiveCfg = Release|Any CPU
		{F57143E6-3D45-404C-8F3E-1C934ACA6AFF}.Release|Any CPU.Build.0 = Release|Any CPU
	EndGlobalSection
	GlobalSection(SolutionProperties) = preSolution
		HideSolutionNode = FALSE
	EndGlobalSection
	GlobalSection(NestedProjects) = preSolution
		{D8021EF4-050F-4188-83E5-FC1F3D09485E} = {B5B5194A-5538-41F1-8622-3C0669B6771E}
		{C683D891-D95B-4A44-BEE8-B50F59FA05D9} = {D8021EF4-050F-4188-83E5-FC1F3D09485E}
		{F57143E6-3D45-404C-8F3E-1C934ACA6AFF} = {D8021EF4-050F-4188-83E5-FC1F3D09485E}
	EndGlobalSection
	GlobalSection(ExtensibilityGlobals) = postSolution
		SolutionGuid = {21F7FC7C-FC96-4BC9-B34A-48D1896CDAD5}
	EndGlobalSection
EndGlobal
